{
  "nodes": {
    "home-manager": {
      "inputs": {
        "nixpkgs": [
          "nixpkgs"
        ]
      },
      "locked": {
<<<<<<< HEAD
        "lastModified": 1783222121,
        "narHash": "sha256-E/ElL373TO8lQ2aMvYyzN+k4xkVaUGoRqoa8AtM71tI=",
        "owner": "nix-community",
        "repo": "home-manager",
        "rev": "a1645f40777620c4bd2b6d854b290c2fc354a266",
=======
        "lastModified": 1782134359,
        "narHash": "sha256-dh0RDcJ17Rubgk3hGTugYmTu6rnUPfRu5vA7MA1Pdo0=",
        "owner": "nix-community",
        "repo": "home-manager",
        "rev": "979bfee6e1a7996fc395270d54c9b59e88762494",
>>>>>>> 5991563ef33ab820cddd69796c15fb8ca2a77765
        "type": "github"
      },
      "original": {
        "owner": "nix-community",
        "repo": "home-manager",
        "type": "github"
      }
    },
    "nix-darwin": {
      "inputs": {
        "nixpkgs": [
          "nixpkgs"
        ]
      },
      "locked": {
        "lastModified": 1781761792,
        "narHash": "sha256-rCPytmKNjctLloB6UgK5CRrHSwV4b0ygxtJLPPp8R14=",
        "owner": "nix-darwin",
        "repo": "nix-darwin",
        "rev": "a1fa429e945becaf60468600daf649be4ba0350c",
        "type": "github"
      },
      "original": {
        "owner": "nix-darwin",
        "repo": "nix-darwin",
        "type": "github"
      }
    },
    "nix4vscode": {
      "inputs": {
        "nixpkgs": [
          "nixpkgs"
        ],
        "systems": "systems"
      },
      "locked": {
<<<<<<< HEAD
        "lastModified": 1783311087,
        "narHash": "sha256-OF9GAGgTfey7joL1nBEQbicBaa9/DYJbQSdZTFc49qg=",
        "owner": "nix-community",
        "repo": "nix4vscode",
        "rev": "a7575c62fa1e454dd95c1bee337bca4842fbfc2e",
=======
        "lastModified": 1782104972,
        "narHash": "sha256-ENPhFUyGFPBqyWz6PrMgMdhfYbGiP6mN1OoFqXk4ThQ=",
        "owner": "nix-community",
        "repo": "nix4vscode",
        "rev": "e004df53d9c4f5eaa41f5bf3b44c0d71fd090aed",
>>>>>>> 5991563ef33ab820cddd69796c15fb8ca2a77765
        "type": "github"
      },
      "original": {
        "owner": "nix-community",
        "repo": "nix4vscode",
        "type": "github"
      }
    },
    "nixpkgs": {
      "locked": {
<<<<<<< HEAD
        "lastModified": 1783224372,
        "narHash": "sha256-8i/87eeoqiGE4yOTjwSA3Eh/ziJRQEmd/unYU+K27sk=",
        "owner": "NixOS",
        "repo": "nixpkgs",
        "rev": "d407951447dcd00442e97087bf374aad70c04cea",
=======
        "lastModified": 1781577229,
        "narHash": "sha256-lrp67w8AulE9Ks53n27I45ADSzbOCn4H+CNW1Ck8B+8=",
        "owner": "NixOS",
        "repo": "nixpkgs",
        "rev": "567a49d1913ce81ac6e9582e3553dd90a955875f",
>>>>>>> 5991563ef33ab820cddd69796c15fb8ca2a77765
        "type": "github"
      },
      "original": {
        "owner": "NixOS",
        "ref": "nixos-unstable",
        "repo": "nixpkgs",
        "type": "github"
      }
    },
    "root": {
      "inputs": {
        "home-manager": "home-manager",
        "nix-darwin": "nix-darwin",
        "nix4vscode": "nix4vscode",
        "nixpkgs": "nixpkgs"
      }
    },
    "systems": {
      "flake": false,
      "locked": {
        "lastModified": 1681028828,
        "narHash": "sha256-Vy1rq5AaRuLzOxct8nz4T6wlgyUR7zLU309k9mBC768=",
        "owner": "nix-systems",
        "repo": "default",
        "rev": "da67096a3b9bf56a91d16901293e51ba5b49a27e",
        "type": "github"
      },
      "original": {
        "owner": "nix-systems",
        "repo": "default",
        "type": "github"
      }
    }
  },
  "root": "root",
  "version": 7
}
